
Microsoft Visual Studio Solution File, Format Version 12.00
# Visual Studio Version 17
VisualStudioVersion = 17.3.32929.385
MinimumVisualStudioVersion = 10.0.40219.1
Project("{9A19103F-16F7-4668-BE54-9A1E7A4F7556}") = "Task2", "Task2\Task2.csproj", "{C64E28AF-F1A5-4D67-A7AD-FEFF405330D1}"
EndProject
Project("{9A19103F-16F7-4668-BE54-9A1E7A4F7556}") = "Task5", "Task3\Task5.csproj", "{7CEB9310-3D24-424A-A069-E2D74A4C47AD}"
EndProject
Project("{FAE04EC0-301F-11D3-BF4B-00C04F79EFBC}") = "Task6", "Task6\Task6.csproj", "{3DAF60D0-CFF5-41A5-AADD-A69AE7B6EAFE}"
EndProject
Global
	GlobalSection(SolutionConfigurationPlatforms) = preSolution
		Debug|Any CPU = Debug|Any CPU
		Release|Any CPU = Release|Any CPU
	EndGlobalSection
	GlobalSection(ProjectConfigurationPlatforms) = postSolution
		{C64E28AF-F1A5-4D67-A7AD-FEFF405330D1}.Debug|Any CPU.ActiveCfg = Debug|Any CPU
		{C64E28AF-F1A5-4D67-A7AD-FEFF405330D1}.Debug|Any CPU.Build.0 = Debug|Any CPU
		{C64E28AF-F1A5-4D67-A7AD-FEFF405330D1}.Release|Any CPU.ActiveCfg = Release|Any CPU
		{C64E28AF-F1A5-4D67-A7AD-FEFF405330D1}.Release|Any CPU.Build.0 = Release|Any CPU
		{7CEB9310-3D24-424A-A069-E2D74A4C47AD}.Debug|Any CPU.ActiveCfg = Debug|Any CPU
		{7CEB9310-3D24-424A-A069-E2D74A4C47AD}.Debug|Any CPU.Build.0 = Debug|Any CPU
		{7CEB9310-3D24-424A-A069-E2D74A4C47AD}.Release|Any CPU.ActiveCfg = Release|Any CPU
		{7CEB9310-3D24-424A-A069-E2D74A4C47AD}.Release|Any CPU.Build.0 = Release|Any CPU
		{3DAF60D0-CFF5-41A5-AADD-A69AE7B6EAFE}.Debug|Any CPU.ActiveCfg = Debug|Any CPU
		{3DAF60D0-CFF5-41A5-AADD-A69AE7B6EAFE}.Debug|Any CPU.Build.0 = Debug|Any CPU
		{3DAF60D0-CFF5-41A5-AADD-A69AE7B6EAFE}.Release|Any CPU.ActiveCfg = Release|Any CPU
		{3DAF60D0-CFF5-41A5-AADD-A69AE7B6EAFE}.Release|Any CPU.Build.0 = Release|Any CPU
	EndGlobalSection
	GlobalSection(SolutionProperties) = preSolution
		HideSolutionNode = FALSE
	EndGlobalSection
	GlobalSection(ExtensibilityGlobals) = postSolution
		SolutionGuid = {CB51750E-72F1-430E-A3D4-431B737A681D}
	EndGlobalSection
EndGlobal
